
Microsoft Visual Studio Solution File, Format Version 12.00
# Visual Studio Version 17
VisualStudioVersion = 17.14.36408.4
MinimumVisualStudioVersion = 10.0.40219.1
Project("{FAE04EC0-301F-11D3-BF4B-00C04F79EFBC}") = "DishesApi", "DishesApi\DishesApi.csproj", "{05D94A17-6A9B-40DF-BBFE-F0E0DC582599}"
EndProject
Global
	GlobalSection(SolutionConfigurationPlatforms) = preSolution
		Debug|Any CPU = Debug|Any CPU
		Release|Any CPU = Release|Any CPU
	EndGlobalSection
	GlobalSection(ProjectConfigurationPlatforms) = postSolution
		{05D94A17-6A9B-40DF-BBFE-F0E0DC582599}.Debug|Any CPU.ActiveCfg = Debug|Any CPU
		{05D94A17-6A9B-40DF-BBFE-F0E0DC582599}.Debug|Any CPU.Build.0 = Debug|Any CPU
		{05D94A17-6A9B-40DF-BBFE-F0E0DC582599}.Release|Any CPU.ActiveCfg = Release|Any CPU
		{05D94A17-6A9B-40DF-BBFE-F0E0DC582599}.Release|Any CPU.Build.0 = Release|Any CPU
	EndGlobalSection
	GlobalSection(SolutionProperties) = preSolution
		HideSolutionNode = FALSE
	EndGlobalSection
	GlobalSection(ExtensibilityGlobals) = postSolution
		SolutionGuid = {65D3C9E5-8F9E-41A0-AD13-7458A58A6D7F}
	EndGlobalSection
EndGlobal
